// !$*UTF8*$!
{
	archiveVersion = 1;
	classes = {
	};
	objectVersion = 77;
	objects = {

/* Begin PBXBuildFile section */
		475092E82D5EBFC3009C930F /* .gitignore in Resources */ = {isa = PBXBuildFile; fileRef = 475092E72D5EBFC3009C930F /* .gitignore */; };
		475093F62D7121FB009C930F /* VisionPro.swift in Sources */ = {isa = PBXBuildFile; fileRef = 475093F52D7121E9009C930F /* VisionPro.swift */; };
		47F2AC3E2D55D60B00A58051 /* Backend-Watch Watch App.app in Embed Watch Content */ = {isa = PBXBuildFile; fileRef = 47F2AC1B2D55D60900A58051 /* Backend-Watch Watch App.app */; settings = {ATTRIBUTES = (RemoveHeadersOnCopy, ); }; };
		47F2ACE22D55D94C00A58051 /* FirebaseAnalytics in Frameworks */ = {isa = PBXBuildFile; productRef = 47F2ACE12D55D94C00A58051 /* FirebaseAnalytics */; };
		47F2ACE42D55D94C00A58051 /* FirebaseCore in Frameworks */ = {isa = PBXBuildFile; productRef = 47F2ACE32D55D94C00A58051 /* FirebaseCore */; };
		47F2ACE62D55D94C00A58051 /* FirebaseDatabase in Frameworks */ = {isa = PBXBuildFile; productRef = 47F2ACE52D55D94C00A58051 /* FirebaseDatabase */; };
		47F2B01E2D56DF9A00A58051 /* Backend_Watch.framework in Frameworks */ = {isa = PBXBuildFile; fileRef = 47F2B0142D56DF9A00A58051 /* Backend_Watch.framework */; };
		47F2B0292D56DF9A00A58051 /* Backend_Watch.framework in Frameworks */ = {isa = PBXBuildFile; fileRef = 47F2B0142D56DF9A00A58051 /* Backend_Watch.framework */; };
		47F2B02B2D56DF9A00A58051 /* Backend_Watch.framework in Embed Frameworks */ = {isa = PBXBuildFile; fileRef = 47F2B0142D56DF9A00A58051 /* Backend_Watch.framework */; settings = {ATTRIBUTES = (CodeSignOnCopy, RemoveHeadersOnCopy, ); }; };
/* End PBXBuildFile section */

/* Begin PBXContainerItemProxy section */
		4750938B2D61C4B3009C930F /* PBXContainerItemProxy */ = {
			isa = PBXContainerItemProxy;
			containerPortal = 47F2AB342D55D41100A58051 /* Project object */;
			proxyType = 1;
			remoteGlobalIDString = 47F2AC1A2D55D60900A58051;
			remoteInfo = "Backend-Watch Watch App";
		};
		47F2AB4D2D55D41200A58051 /* PBXContainerItemProxy */ = {
			isa = PBXContainerItemProxy;
			containerPortal = 47F2AB342D55D41100A58051 /* Project object */;
			proxyType = 1;
			remoteGlobalIDString = 47F2AB3B2D55D41100A58051;
			remoteInfo = Backend;
		};
		47F2AB572D55D41200A58051 /* PBXContainerItemProxy */ = {
			isa = PBXContainerItemProxy;
			containerPortal = 47F2AB342D55D41100A58051 /* Project object */;
			proxyType = 1;
			remoteGlobalIDString = 47F2AB3B2D55D41100A58051;
			remoteInfo = Backend;
		};
		47F2AC2B2D55D60B00A58051 /* PBXContainerItemProxy */ = {
			isa = PBXContainerItemProxy;
			containerPortal = 47F2AB342D55D41100A58051 /* Project object */;
			proxyType = 1;
			remoteGlobalIDString = 47F2AC1A2D55D60900A58051;
			remoteInfo = "Backend-Watch Watch App";
		};
		47F2AC352D55D60B00A58051 /* PBXContainerItemProxy */ = {
			isa = PBXContainerItemProxy;
			containerPortal = 47F2AB342D55D41100A58051 /* Project object */;
			proxyType = 1;
			remoteGlobalIDString = 47F2AC1A2D55D60900A58051;
			remoteInfo = "Backend-Watch Watch App";
		};
		47F2B01F2D56DF9A00A58051 /* PBXContainerItemProxy */ = {
			isa = PBXContainerItemProxy;
			containerPortal = 47F2AB342D55D41100A58051 /* Project object */;
			proxyType = 1;
			remoteGlobalIDString = 47F2B0132D56DF9A00A58051;
			remoteInfo = "Backend-Watch";
		};
		47F2B0212D56DF9A00A58051 /* PBXContainerItemProxy */ = {
			isa = PBXContainerItemProxy;
			containerPortal = 47F2AB342D55D41100A58051 /* Project object */;
			proxyType = 1;
			remoteGlobalIDString = 47F2AB3B2D55D41100A58051;
			remoteInfo = Backend;
		};
		47F2B0272D56DF9A00A58051 /* PBXContainerItemProxy */ = {
			isa = PBXContainerItemProxy;
			containerPortal = 47F2AB342D55D41100A58051 /* Project object */;
			proxyType = 1;
			remoteGlobalIDString = 47F2B0132D56DF9A00A58051;
			remoteInfo = "Backend-Watch";
		};
/* End PBXContainerItemProxy section */

/* Begin PBXCopyFilesBuildPhase section */
		47F2AC3F2D55D60B00A58051 /* Embed Watch Content */ = {
			isa = PBXCopyFilesBuildPhase;
			buildActionMask = 2147483647;
			dstPath = "$(CONTENTS_FOLDER_PATH)/Watch";
			dstSubfolderSpec = 16;
			files = (
				47F2AC3E2D55D60B00A58051 /* Backend-Watch Watch App.app in Embed Watch Content */,
			);
			name = "Embed Watch Content";
			runOnlyForDeploymentPostprocessing = 0;
		};
		47F2B02A2D56DF9A00A58051 /* Embed Frameworks */ = {
			isa = PBXCopyFilesBuildPhase;
			buildActionMask = 2147483647;
			dstPath = "";
			dstSubfolderSpec = 10;
			files = (
				47F2B02B2D56DF9A00A58051 /* Backend_Watch.framework in Embed Frameworks */,
			);
			name = "Embed Frameworks";
			runOnlyForDeploymentPostprocessing = 0;
		};
/* End PBXCopyFilesBuildPhase section */

/* Begin PBXFileReference section */
		475092E72D5EBFC3009C930F /* .gitignore */ = {isa = PBXFileReference; lastKnownFileType = text; path = .gitignore; sourceTree = "<group>"; };
		475093F52D7121E9009C930F /* VisionPro.swift */ = {isa = PBXFileReference; lastKnownFileType = sourcecode.swift; path = VisionPro.swift; sourceTree = "<group>"; };
		47F2AB3C2D55D41100A58051 /* Backend.app */ = {isa = PBXFileReference; explicitFileType = wrapper.application; includeInIndex = 0; path = Backend.app; sourceTree = BUILT_PRODUCTS_DIR; };
		47F2AB4C2D55D41200A58051 /* BackendTests.xctest */ = {isa = PBXFileReference; explicitFileType = wrapper.cfbundle; includeInIndex = 0; path = BackendTests.xctest; sourceTree = BUILT_PRODUCTS_DIR; };
		47F2AB562D55D41200A58051 /* BackendUITests.xctest */ = {isa = PBXFileReference; explicitFileType = wrapper.cfbundle; includeInIndex = 0; path = BackendUITests.xctest; sourceTree = BUILT_PRODUCTS_DIR; };
		47F2AC1B2D55D60900A58051 /* Backend-Watch Watch App.app */ = {isa = PBXFileReference; explicitFileType = wrapper.application; includeInIndex = 0; path = "Backend-Watch Watch App.app"; sourceTree = BUILT_PRODUCTS_DIR; };
		47F2AC2A2D55D60B00A58051 /* Backend-Watch Watch AppTests.xctest */ = {isa = PBXFileReference; explicitFileType = wrapper.cfbundle; includeInIndex = 0; path = "Backend-Watch Watch AppTests.xctest"; sourceTree = BUILT_PRODUCTS_DIR; };
		47F2AC342D55D60B00A58051 /* Backend-Watch Watch AppUITests.xctest */ = {isa = PBXFileReference; explicitFileType = wrapper.cfbundle; includeInIndex = 0; path = "Backend-Watch Watch AppUITests.xctest"; sourceTree = BUILT_PRODUCTS_DIR; };
		47F2B0142D56DF9A00A58051 /* Backend_Watch.framework */ = {isa = PBXFileReference; explicitFileType = wrapper.framework; includeInIndex = 0; path = Backend_Watch.framework; sourceTree = BUILT_PRODUCTS_DIR; };
		47F2B01D2D56DF9A00A58051 /* Backend-WatchTests.xctest */ = {isa = PBXFileReference; explicitFileType = wrapper.cfbundle; includeInIndex = 0; path = "Backend-WatchTests.xctest"; sourceTree = BUILT_PRODUCTS_DIR; };
/* End PBXFileReference section */

/* Begin PBXFileSystemSynchronizedBuildFileExceptionSet section */
		47F2B02C2D56DF9A00A58051 /* Exceptions for "Backend-Watch" folder in "Backend-Watch" target */ = {
			isa = PBXFileSystemSynchronizedBuildFileExceptionSet;
			publicHeaders = (
				Backend_Watch.h,
			);
			target = 47F2B0132D56DF9A00A58051 /* Backend-Watch */;
		};
/* End PBXFileSystemSynchronizedBuildFileExceptionSet section */

/* Begin PBXFileSystemSynchronizedRootGroup section */
		47F2AB3E2D55D41100A58051 /* Backend */ = {
			isa = PBXFileSystemSynchronizedRootGroup;
			path = Backend;
			sourceTree = "<group>";
		};
		47F2AB4F2D55D41200A58051 /* BackendTests */ = {
			isa = PBXFileSystemSynchronizedRootGroup;
			path = BackendTests;
			sourceTree = "<group>";
		};
		47F2AB592D55D41200A58051 /* BackendUITests */ = {
			isa = PBXFileSystemSynchronizedRootGroup;
			path = BackendUITests;
			sourceTree = "<group>";
		};
		47F2AC1C2D55D60900A58051 /* Backend-Watch Watch App */ = {
			isa = PBXFileSystemSynchronizedRootGroup;
			path = "Backend-Watch Watch App";
			sourceTree = "<group>";
		};
		47F2AC2D2D55D60B00A58051 /* Backend-Watch Watch AppTests */ = {
			isa = PBXFileSystemSynchronizedRootGroup;
			path = "Backend-Watch Watch AppTests";
			sourceTree = "<group>";
		};
		47F2AC372D55D60B00A58051 /* Backend-Watch Watch AppUITests */ = {
			isa = PBXFileSystemSynchronizedRootGroup;
			path = "Backend-Watch Watch AppUITests";
			sourceTree = "<group>";
		};
		47F2B0152D56DF9A00A58051 /* Backend-Watch */ = {
			isa = PBXFileSystemSynchronizedRootGroup;
			exceptions = (
				47F2B02C2D56DF9A00A58051 /* Exceptions for "Backend-Watch" folder in "Backend-Watch" target */,
			);
			path = "Backend-Watch";
			sourceTree = "<group>";
		};
		47F2B0232D56DF9A00A58051 /* Backend-WatchTests */ = {
			isa = PBXFileSystemSynchronizedRootGroup;
			path = "Backend-WatchTests";
			sourceTree = "<group>";
		};
/* End PBXFileSystemSynchronizedRootGroup section */

/* Begin PBXFrameworksBuildPhase section */
		47F2AB392D55D41100A58051 /* Frameworks */ = {
			isa = PBXFrameworksBuildPhase;
			buildActionMask = 2147483647;
			files = (
				47F2ACE62D55D94C00A58051 /* FirebaseDatabase in Frameworks */,
				47F2B0292D56DF9A00A58051 /* Backend_Watch.framework in Frameworks */,
				47F2ACE42D55D94C00A58051 /* FirebaseCore in Frameworks */,
				47F2ACE22D55D94C00A58051 /* FirebaseAnalytics in Frameworks */,
			);
			runOnlyForDeploymentPostprocessing = 0;
		};
		47F2AB492D55D41200A58051 /* Frameworks */ = {
			isa = PBXFrameworksBuildPhase;
			buildActionMask = 2147483647;
			files = (
			);
			runOnlyForDeploymentPostprocessing = 0;
		};
		47F2AB532D55D41200A58051 /* Frameworks */ = {
			isa = PBXFrameworksBuildPhase;
			buildActionMask = 2147483647;
			files = (
			);
			runOnlyForDeploymentPostprocessing = 0;
		};
		47F2AC182D55D60900A58051 /* Frameworks */ = {
			isa = PBXFrameworksBuildPhase;
			buildActionMask = 2147483647;
			files = (
			);
			runOnlyForDeploymentPostprocessing = 0;
		};
		47F2AC272D55D60B00A58051 /* Frameworks */ = {
			isa = PBXFrameworksBuildPhase;
			buildActionMask = 2147483647;
			files = (
			);
			runOnlyForDeploymentPostprocessing = 0;
		};
		47F2AC312D55D60B00A58051 /* Frameworks */ = {
			isa = PBXFrameworksBuildPhase;
			buildActionMask = 2147483647;
			files = (
			);
			runOnlyForDeploymentPostprocessing = 0;
		};
		47F2B0112D56DF9A00A58051 /* Frameworks */ = {
			isa = PBXFrameworksBuildPhase;
			buildActionMask = 2147483647;
			files = (
			);
			runOnlyForDeploymentPostprocessing = 0;
		};
		47F2B01A2D56DF9A00A58051 /* Frameworks */ = {
			isa = PBXFrameworksBuildPhase;
			buildActionMask = 2147483647;
			files = (
				47F2B01E2D56DF9A00A58051 /* Backend_Watch.framework in Frameworks */,
			);
			runOnlyForDeploymentPostprocessing = 0;
		};
/* End PBXFrameworksBuildPhase section */

/* Begin PBXGroup section */
		47F2AB332D55D41100A58051 = {
			isa = PBXGroup;
			children = (
				475093F52D7121E9009C930F /* VisionPro.swift */,
				475092E72D5EBFC3009C930F /* .gitignore */,
				47F2AB3E2D55D41100A58051 /* Backend */,
				47F2AB4F2D55D41200A58051 /* BackendTests */,
				47F2AB592D55D41200A58051 /* BackendUITests */,
				47F2AC1C2D55D60900A58051 /* Backend-Watch Watch App */,
				47F2AC2D2D55D60B00A58051 /* Backend-Watch Watch AppTests */,
				47F2AC372D55D60B00A58051 /* Backend-Watch Watch AppUITests */,
				47F2B0152D56DF9A00A58051 /* Backend-Watch */,
				47F2B0232D56DF9A00A58051 /* Backend-WatchTests */,
				47F2AF862D55F4FE00A58051 /* Frameworks */,
				47F2AB3D2D55D41100A58051 /* Products */,
			);
			sourceTree = "<group>";
		};
		47F2AB3D2D55D41100A58051 /* Products */ = {
			isa = PBXGroup;
			children = (
				47F2AB3C2D55D41100A58051 /* Backend.app */,
				47F2AB4C2D55D41200A58051 /* BackendTests.xctest */,
				47F2AB562D55D41200A58051 /* BackendUITests.xctest */,
				47F2AC1B2D55D60900A58051 /* Backend-Watch Watch App.app */,
				47F2AC2A2D55D60B00A58051 /* Backend-Watch Watch AppTests.xctest */,
				47F2AC342D55D60B00A58051 /* Backend-Watch Watch AppUITests.xctest */,
				47F2B0142D56DF9A00A58051 /* Backend_Watch.framework */,
				47F2B01D2D56DF9A00A58051 /* Backend-WatchTests.xctest */,
			);
			name = Products;
			sourceTree = "<group>";
		};
		47F2AF862D55F4FE00A58051 /* Frameworks */ = {
			isa = PBXGroup;
			children = (
			);
			name = Frameworks;
			sourceTree = "<group>";
		};
/* End PBXGroup section */

/* Begin PBXHeadersBuildPhase section */
		47F2B00F2D56DF9A00A58051 /* Headers */ = {
			isa = PBXHeadersBuildPhase;
			buildActionMask = 2147483647;
			files = (
			);
			runOnlyForDeploymentPostprocessing = 0;
		};
/* End PBXHeadersBuildPhase section */

/* Begin PBXNativeTarget section */
		47F2AB3B2D55D41100A58051 /* Backend */ = {
			isa = PBXNativeTarget;
			buildConfigurationList = 47F2AB602D55D41200A58051 /* Build configuration list for PBXNativeTarget "Backend" */;
			buildPhases = (
				47F2AB382D55D41100A58051 /* Sources */,
				47F2AB392D55D41100A58051 /* Frameworks */,
				47F2AB3A2D55D41100A58051 /* Resources */,
				47F2AC3F2D55D60B00A58051 /* Embed Watch Content */,
				47F2B02A2D56DF9A00A58051 /* Embed Frameworks */,
			);
			buildRules = (
			);
			dependencies = (
				4750938C2D61C4B3009C930F /* PBXTargetDependency */,
				47F2B0282D56DF9A00A58051 /* PBXTargetDependency */,
			);
			fileSystemSynchronizedGroups = (
				47F2AB3E2D55D41100A58051 /* Backend */,
			);
			name = Backend;
			packageProductDependencies = (
				47F2ACE12D55D94C00A58051 /* FirebaseAnalytics */,
				47F2ACE32D55D94C00A58051 /* FirebaseCore */,
				47F2ACE52D55D94C00A58051 /* FirebaseDatabase */,
			);
			productName = Backend;
			productReference = 47F2AB3C2D55D41100A58051 /* Backend.app */;
			productType = "com.apple.product-type.application";
		};
		47F2AB4B2D55D41200A58051 /* BackendTests */ = {
			isa = PBXNativeTarget;
			buildConfigurationList = 47F2AB632D55D41200A58051 /* Build configuration list for PBXNativeTarget "BackendTests" */;
			buildPhases = (
				47F2AB482D55D41200A58051 /* Sources */,
				47F2AB492D55D41200A58051 /* Frameworks */,
				47F2AB4A2D55D41200A58051 /* Resources */,
			);
			buildRules = (
			);
			dependencies = (
				47F2AB4E2D55D41200A58051 /* PBXTargetDependency */,
			);
			fileSystemSynchronizedGroups = (
				47F2AB4F2D55D41200A58051 /* BackendTests */,
			);
			name = BackendTests;
			packageProductDependencies = (
			);
			productName = BackendTests;
			productReference = 47F2AB4C2D55D41200A58051 /* BackendTests.xctest */;
			productType = "com.apple.product-type.bundle.unit-test";
		};
		47F2AB552D55D41200A58051 /* BackendUITests */ = {
			isa = PBXNativeTarget;
			buildConfigurationList = 47F2AB662D55D41200A58051 /* Build configuration list for PBXNativeTarget "BackendUITests" */;
			buildPhases = (
				47F2AB522D55D41200A58051 /* Sources */,
				47F2AB532D55D41200A58051 /* Frameworks */,
				47F2AB542D55D41200A58051 /* Resources */,
			);
			buildRules = (
			);
			dependencies = (
				47F2AB582D55D41200A58051 /* PBXTargetDependency */,
			);
			fileSystemSynchronizedGroups = (
				47F2AB592D55D41200A58051 /* BackendUITests */,
			);
			name = BackendUITests;
			packageProductDependencies = (
			);
			productName = BackendUITests;
			productReference = 47F2AB562D55D41200A58051 /* BackendUITests.xctest */;
			productType = "com.apple.product-type.bundle.ui-testing";
		};
		47F2AC1A2D55D60900A58051 /* Backend-Watch Watch App */ = {
			isa = PBXNativeTarget;
			buildConfigurationList = 47F2AC462D55D60B00A58051 /* Build configuration list for PBXNativeTarget "Backend-Watch Watch App" */;
			buildPhases = (
				47F2AC172D55D60900A58051 /* Sources */,
				47F2AC182D55D60900A58051 /* Frameworks */,
				47F2AC192D55D60900A58051 /* Resources */,
			);
			buildRules = (
			);
			dependencies = (
			);
			fileSystemSynchronizedGroups = (
				47F2AC1C2D55D60900A58051 /* Backend-Watch Watch App */,
			);
			name = "Backend-Watch Watch App";
			packageProductDependencies = (
			);
			productName = "Backend-Watch Watch App";
			productReference = 47F2AC1B2D55D60900A58051 /* Backend-Watch Watch App.app */;
			productType = "com.apple.product-type.application";
		};
		47F2AC292D55D60B00A58051 /* Backend-Watch Watch AppTests */ = {
			isa = PBXNativeTarget;
			buildConfigurationList = 47F2AC472D55D60B00A58051 /* Build configuration list for PBXNativeTarget "Backend-Watch Watch AppTests" */;
			buildPhases = (
				47F2AC262D55D60B00A58051 /* Sources */,
				47F2AC272D55D60B00A58051 /* Frameworks */,
				47F2AC282D55D60B00A58051 /* Resources */,
			);
			buildRules = (
			);
			dependencies = (
				47F2AC2C2D55D60B00A58051 /* PBXTargetDependency */,
			);
			fileSystemSynchronizedGroups = (
				47F2AC2D2D55D60B00A58051 /* Backend-Watch Watch AppTests */,
			);
			name = "Backend-Watch Watch AppTests";
			packageProductDependencies = (
			);
			productName = "Backend-Watch Watch AppTests";
			productReference = 47F2AC2A2D55D60B00A58051 /* Backend-Watch Watch AppTests.xctest */;
			productType = "com.apple.product-type.bundle.unit-test";
		};
		47F2AC332D55D60B00A58051 /* Backend-Watch Watch AppUITests */ = {
			isa = PBXNativeTarget;
			buildConfigurationList = 47F2AC482D55D60B00A58051 /* Build configuration list for PBXNativeTarget "Backend-Watch Watch AppUITests" */;
			buildPhases = (
				47F2AC302D55D60B00A58051 /* Sources */,
				47F2AC312D55D60B00A58051 /* Frameworks */,
				47F2AC322D55D60B00A58051 /* Resources */,
			);
			buildRules = (
			);
			dependencies = (
				47F2AC362D55D60B00A58051 /* PBXTargetDependency */,
			);
			fileSystemSynchronizedGroups = (
				47F2AC372D55D60B00A58051 /* Backend-Watch Watch AppUITests */,
			);
			name = "Backend-Watch Watch AppUITests";
			packageProductDependencies = (
			);
			productName = "Backend-Watch Watch AppUITests";
			productReference = 47F2AC342D55D60B00A58051 /* Backend-Watch Watch AppUITests.xctest */;
			productType = "com.apple.product-type.bundle.ui-testing";
		};
		47F2B0132D56DF9A00A58051 /* Backend-Watch */ = {
			isa = PBXNativeTarget;
			buildConfigurationList = 47F2B02D2D56DF9A00A58051 /* Build configuration list for PBXNativeTarget "Backend-Watch" */;
			buildPhases = (
				47F2B00F2D56DF9A00A58051 /* Headers */,
				47F2B0102D56DF9A00A58051 /* Sources */,
				47F2B0112D56DF9A00A58051 /* Frameworks */,
				47F2B0122D56DF9A00A58051 /* Resources */,
			);
			buildRules = (
			);
			dependencies = (
			);
			fileSystemSynchronizedGroups = (
				47F2B0152D56DF9A00A58051 /* Backend-Watch */,
			);
			name = "Backend-Watch";
			packageProductDependencies = (
			);
			productName = "Backend-Watch";
			productReference = 47F2B0142D56DF9A00A58051 /* Backend_Watch.framework */;
			productType = "com.apple.product-type.framework";
		};
		47F2B01C2D56DF9A00A58051 /* Backend-WatchTests */ = {
			isa = PBXNativeTarget;
			buildConfigurationList = 47F2B0302D56DF9A00A58051 /* Build configuration list for PBXNativeTarget "Backend-WatchTests" */;
			buildPhases = (
				47F2B0192D56DF9A00A58051 /* Sources */,
				47F2B01A2D56DF9A00A58051 /* Frameworks */,
				47F2B01B2D56DF9A00A58051 /* Resources */,
			);
			buildRules = (
			);
			dependencies = (
				47F2B0202D56DF9A00A58051 /* PBXTargetDependency */,
				47F2B0222D56DF9A00A58051 /* PBXTargetDependency */,
			);
			fileSystemSynchronizedGroups = (
				47F2B0232D56DF9A00A58051 /* Backend-WatchTests */,
			);
			name = "Backend-WatchTests";
			packageProductDependencies = (
			);
			productName = "Backend-WatchTests";
			productReference = 47F2B01D2D56DF9A00A58051 /* Backend-WatchTests.xctest */;
			productType = "com.apple.product-type.bundle.unit-test";
		};
/* End PBXNativeTarget section */

/* Begin PBXProject section */
		47F2AB342D55D41100A58051 /* Project object */ = {
			isa = PBXProject;
			attributes = {
				BuildIndependentTargetsInParallel = 1;
				LastSwiftUpdateCheck = 1620;
				LastUpgradeCheck = 1620;
				TargetAttributes = {
					47F2AB3B2D55D41100A58051 = {
						CreatedOnToolsVersion = 16.2;
					};
					47F2AB4B2D55D41200A58051 = {
						CreatedOnToolsVersion = 16.2;
						TestTargetID = 47F2AB3B2D55D41100A58051;
					};
					47F2AB552D55D41200A58051 = {
						CreatedOnToolsVersion = 16.2;
						TestTargetID = 47F2AB3B2D55D41100A58051;
					};
					47F2AC1A2D55D60900A58051 = {
						CreatedOnToolsVersion = 16.2;
					};
					47F2AC292D55D60B00A58051 = {
						CreatedOnToolsVersion = 16.2;
						TestTargetID = 47F2AC1A2D55D60900A58051;
					};
					47F2AC332D55D60B00A58051 = {
						CreatedOnToolsVersion = 16.2;
						TestTargetID = 47F2AC1A2D55D60900A58051;
					};
					47F2B0132D56DF9A00A58051 = {
						CreatedOnToolsVersion = 16.2;
					};
					47F2B01C2D56DF9A00A58051 = {
						CreatedOnToolsVersion = 16.2;
						TestTargetID = 47F2AB3B2D55D41100A58051;
					};
				};
			};
			buildConfigurationList = 47F2AB372D55D41100A58051 /* Build configuration list for PBXProject "Backend" */;
			developmentRegion = en;
			hasScannedForEncodings = 0;
			knownRegions = (
				en,
				Base,
			);
			mainGroup = 47F2AB332D55D41100A58051;
			minimizedProjectReferenceProxies = 1;
			packageReferences = (
				47F2ACE02D55D94C00A58051 /* XCRemoteSwiftPackageReference "firebase-ios-sdk" */,
			);
			preferredProjectObjectVersion = 77;
			productRefGroup = 47F2AB3D2D55D41100A58051 /* Products */;
			projectDirPath = "";
			projectRoot = "";
			targets = (
				47F2AB3B2D55D41100A58051 /* Backend */,
				47F2AB4B2D55D41200A58051 /* BackendTests */,
				47F2AB552D55D41200A58051 /* BackendUITests */,
				47F2AC1A2D55D60900A58051 /* Backend-Watch Watch App */,
				47F2AC292D55D60B00A58051 /* Backend-Watch Watch AppTests */,
				47F2AC332D55D60B00A58051 /* Backend-Watch Watch AppUITests */,
				47F2B0132D56DF9A00A58051 /* Backend-Watch */,
				47F2B01C2D56DF9A00A58051 /* Backend-WatchTests */,
			);
		};
/* End PBXProject section */

/* Begin PBXResourcesBuildPhase section */
		47F2AB3A2D55D41100A58051 /* Resources */ = {
			isa = PBXResourcesBuildPhase;
			buildActionMask = 2147483647;
			files = (
				475092E82D5EBFC3009C930F /* .gitignore in Resources */,
			);
			runOnlyForDeploymentPostprocessing = 0;
		};
		47F2AB4A2D55D41200A58051 /* Resources */ = {
			isa = PBXResourcesBuildPhase;
			buildActionMask = 2147483647;
			files = (
			);
			runOnlyForDeploymentPostprocessing = 0;
		};
		47F2AB542D55D41200A58051 /* Resources */ = {
			isa = PBXResourcesBuildPhase;
			buildActionMask = 2147483647;
			files = (
			);
			runOnlyForDeploymentPostprocessing = 0;
		};
		47F2AC192D55D60900A58051 /* Resources */ = {
			isa = PBXResourcesBuildPhase;
			buildActionMask = 2147483647;
			files = (
			);
			runOnlyForDeploymentPostprocessing = 0;
		};
		47F2AC282D55D60B00A58051 /* Resources */ = {
			isa = PBXResourcesBuildPhase;
			buildActionMask = 2147483647;
			files = (
			);
			runOnlyForDeploymentPostprocessing = 0;
		};
		47F2AC322D55D60B00A58051 /* Resources */ = {
			isa = PBXResourcesBuildPhase;
			buildActionMask = 2147483647;
			files = (
			);
			runOnlyForDeploymentPostprocessing = 0;
		};
		47F2B0122D56DF9A00A58051 /* Resources */ = {
			isa = PBXResourcesBuildPhase;
			buildActionMask = 2147483647;
			files = (
			);
			runOnlyForDeploymentPostprocessing = 0;
		};
		47F2B01B2D56DF9A00A58051 /* Resources */ = {
			isa = PBXResourcesBuildPhase;
			buildActionMask = 2147483647;
			files = (
			);
			runOnlyForDeploymentPostprocessing = 0;
		};
/* End PBXResourcesBuildPhase section */

/* Begin PBXSourcesBuildPhase section */
		47F2AB382D55D41100A58051 /* Sources */ = {
			isa = PBXSourcesBuildPhase;
			buildActionMask = 2147483647;
			files = (
				475093F62D7121FB009C930F /* VisionPro.swift in Sources */,
			);
			runOnlyForDeploymentPostprocessing = 0;
		};
		47F2AB482D55D41200A58051 /* Sources */ = {
			isa = PBXSourcesBuildPhase;
			buildActionMask = 2147483647;
			files = (
			);
			runOnlyForDeploymentPostprocessing = 0;
		};
		47F2AB522D55D41200A58051 /* Sources */ = {
			isa = PBXSourcesBuildPhase;
			buildActionMask = 2147483647;
			files = (
			);
			runOnlyForDeploymentPostprocessing = 0;
		};
		47F2AC172D55D60900A58051 /* Sources */ = {
			isa = PBXSourcesBuildPhase;
			buildActionMask = 2147483647;
			files = (
			);
			runOnlyForDeploymentPostprocessing = 0;
		};
		47F2AC262D55D60B00A58051 /* Sources */ = {
			isa = PBXSourcesBuildPhase;
			buildActionMask = 2147483647;
			files = (
			);
			runOnlyForDeploymentPostprocessing = 0;
		};
		47F2AC302D55D60B00A58051 /* Sources */ = {
			isa = PBXSourcesBuildPhase;
			buildActionMask = 2147483647;
			files = (
			);
			runOnlyForDeploymentPostprocessing = 0;
		};
		47F2B0102D56DF9A00A58051 /* Sources */ = {
			isa = PBXSourcesBuildPhase;
			buildActionMask = 2147483647;
			files = (
			);
			runOnlyForDeploymentPostprocessing = 0;
		};
		47F2B0192D56DF9A00A58051 /* Sources */ = {
			isa = PBXSourcesBuildPhase;
			buildActionMask = 2147483647;
			files = (
			);
			runOnlyForDeploymentPostprocessing = 0;
		};
/* End PBXSourcesBuildPhase section */

/* Begin PBXTargetDependency section */
		4750938C2D61C4B3009C930F /* PBXTargetDependency */ = {
			isa = PBXTargetDependency;
			target = 47F2AC1A2D55D60900A58051 /* Backend-Watch Watch App */;
			targetProxy = 4750938B2D61C4B3009C930F /* PBXContainerItemProxy */;
		};
		47F2AB4E2D55D41200A58051 /* PBXTargetDependency */ = {
			isa = PBXTargetDependency;
			target = 47F2AB3B2D55D41100A58051 /* Backend */;
			targetProxy = 47F2AB4D2D55D41200A58051 /* PBXContainerItemProxy */;
		};
		47F2AB582D55D41200A58051 /* PBXTargetDependency */ = {
			isa = PBXTargetDependency;
			target = 47F2AB3B2D55D41100A58051 /* Backend */;
			targetProxy = 47F2AB572D55D41200A58051 /* PBXContainerItemProxy */;
		};
		47F2AC2C2D55D60B00A58051 /* PBXTargetDependency */ = {
			isa = PBXTargetDependency;
			target = 47F2AC1A2D55D60900A58051 /* Backend-Watch Watch App */;
			targetProxy = 47F2AC2B2D55D60B00A58051 /* PBXContainerItemProxy */;
		};
		47F2AC362D55D60B00A58051 /* PBXTargetDependency */ = {
			isa = PBXTargetDependency;
			target = 47F2AC1A2D55D60900A58051 /* Backend-Watch Watch App */;
			targetProxy = 47F2AC352D55D60B00A58051 /* PBXContainerItemProxy */;
		};
		47F2B0202D56DF9A00A58051 /* PBXTargetDependency */ = {
			isa = PBXTargetDependency;
			target = 47F2B0132D56DF9A00A58051 /* Backend-Watch */;
			targetProxy = 47F2B01F2D56DF9A00A58051 /* PBXContainerItemProxy */;
		};
		47F2B0222D56DF9A00A58051 /* PBXTargetDependency */ = {
			isa = PBXTargetDependency;
			target = 47F2AB3B2D55D41100A58051 /* Backend */;
			targetProxy = 47F2B0212D56DF9A00A58051 /* PBXContainerItemProxy */;
		};
		47F2B0282D56DF9A00A58051 /* PBXTargetDependency */ = {
			isa = PBXTargetDependency;
			target = 47F2B0132D56DF9A00A58051 /* Backend-Watch */;
			targetProxy = 47F2B0272D56DF9A00A58051 /* PBXContainerItemProxy */;
		};
/* End PBXTargetDependency section */

/* Begin XCBuildConfiguration section */
		47F2AB5E2D55D41200A58051 /* Debug */ = {
			isa = XCBuildConfiguration;
			buildSettings = {
				ALWAYS_SEARCH_USER_PATHS = NO;
				ASSETCATALOG_COMPILER_GENERATE_SWIFT_ASSET_SYMBOL_EXTENSIONS = YES;
				CLANG_ANALYZER_NONNULL = YES;
				CLANG_ANALYZER_NUMBER_OBJECT_CONVERSION = YES_AGGRESSIVE;
				CLANG_CXX_LANGUAGE_STANDARD = "gnu++20";
				CLANG_ENABLE_MODULES = YES;
				CLANG_ENABLE_OBJC_ARC = YES;
				CLANG_ENABLE_OBJC_WEAK = YES;
				CLANG_WARN_BLOCK_CAPTURE_AUTORELEASING = YES;
				CLANG_WARN_BOOL_CONVERSION = YES;
				CLANG_WARN_COMMA = YES;
				CLANG_WARN_CONSTANT_CONVERSION = YES;
				CLANG_WARN_DEPRECATED_OBJC_IMPLEMENTATIONS = YES;
				CLANG_WARN_DIRECT_OBJC_ISA_USAGE = YES_ERROR;
				CLANG_WARN_DOCUMENTATION_COMMENTS = YES;
				CLANG_WARN_EMPTY_BODY = YES;
				CLANG_WARN_ENUM_CONVERSION = YES;
				CLANG_WARN_INFINITE_RECURSION = YES;
				CLANG_WARN_INT_CONVERSION = YES;
				CLANG_WARN_NON_LITERAL_NULL_CONVERSION = YES;
				CLANG_WARN_OBJC_IMPLICIT_RETAIN_SELF = YES;
				CLANG_WARN_OBJC_LITERAL_CONVERSION = YES;
				CLANG_WARN_OBJC_ROOT_CLASS = YES_ERROR;
				CLANG_WARN_QUOTED_INCLUDE_IN_FRAMEWORK_HEADER = YES;
				CLANG_WARN_RANGE_LOOP_ANALYSIS = YES;
				CLANG_WARN_STRICT_PROTOTYPES = YES;
				CLANG_WARN_SUSPICIOUS_MOVE = YES;
				CLANG_WARN_UNGUARDED_AVAILABILITY = YES_AGGRESSIVE;
				CLANG_WARN_UNREACHABLE_CODE = YES;
				CLANG_WARN__DUPLICATE_METHOD_MATCH = YES;
				COPY_PHASE_STRIP = NO;
				DEBUG_INFORMATION_FORMAT = dwarf;
				ENABLE_STRICT_OBJC_MSGSEND = YES;
				ENABLE_TESTABILITY = YES;
				ENABLE_USER_SCRIPT_SANDBOXING = YES;
				GCC_C_LANGUAGE_STANDARD = gnu17;
				GCC_DYNAMIC_NO_PIC = NO;
				GCC_NO_COMMON_BLOCKS = YES;
				GCC_OPTIMIZATION_LEVEL = 0;
				GCC_PREPROCESSOR_DEFINITIONS = (
					"DEBUG=1",
					"$(inherited)",
				);
				GCC_WARN_64_TO_32_BIT_CONVERSION = YES;
				GCC_WARN_ABOUT_RETURN_TYPE = YES_ERROR;
				GCC_WARN_UNDECLARED_SELECTOR = YES;
				GCC_WARN_UNINITIALIZED_AUTOS = YES_AGGRESSIVE;
				GCC_WARN_UNUSED_FUNCTION = YES;
				GCC_WARN_UNUSED_VARIABLE = YES;
				IPHONEOS_DEPLOYMENT_TARGET = 18.2;
				LOCALIZATION_PREFERS_STRING_CATALOGS = YES;
				MTL_ENABLE_DEBUG_INFO = INCLUDE_SOURCE;
				MTL_FAST_MATH = YES;
				ONLY_ACTIVE_ARCH = YES;
				SDKROOT = iphoneos;
				SWIFT_ACTIVE_COMPILATION_CONDITIONS = "DEBUG $(inherited)";
				SWIFT_OPTIMIZATION_LEVEL = "-Onone";
			};
			name = Debug;
		};
		47F2AB5F2D55D41200A58051 /* Release */ = {
			isa = XCBuildConfiguration;
			buildSettings = {
				ALWAYS_SEARCH_USER_PATHS = NO;
				ASSETCATALOG_COMPILER_GENERATE_SWIFT_ASSET_SYMBOL_EXTENSIONS = YES;
				CLANG_ANALYZER_NONNULL = YES;
				CLANG_ANALYZER_NUMBER_OBJECT_CONVERSION = YES_AGGRESSIVE;
				CLANG_CXX_LANGUAGE_STANDARD = "gnu++20";
				CLANG_ENABLE_MODULES = YES;
				CLANG_ENABLE_OBJC_ARC = YES;
				CLANG_ENABLE_OBJC_WEAK = YES;
				CLANG_WARN_BLOCK_CAPTURE_AUTORELEASING = YES;
				CLANG_WARN_BOOL_CONVERSION = YES;
				CLANG_WARN_COMMA = YES;
				CLANG_WARN_CONSTANT_CONVERSION = YES;
				CLANG_WARN_DEPRECATED_OBJC_IMPLEMENTATIONS = YES;
				CLANG_WARN_DIRECT_OBJC_ISA_USAGE = YES_ERROR;
				CLANG_WARN_DOCUMENTATION_COMMENTS = YES;
				CLANG_WARN_EMPTY_BODY = YES;
				CLANG_WARN_ENUM_CONVERSION = YES;
				CLANG_WARN_INFINITE_RECURSION = YES;
				CLANG_WARN_INT_CONVERSION = YES;
				CLANG_WARN_NON_LITERAL_NULL_CONVERSION = YES;
				CLANG_WARN_OBJC_IMPLICIT_RETAIN_SELF = YES;
				CLANG_WARN_OBJC_LITERAL_CONVERSION = YES;
				CLANG_WARN_OBJC_ROOT_CLASS = YES_ERROR;
				CLANG_WARN_QUOTED_INCLUDE_IN_FRAMEWORK_HEADER = YES;
				CLANG_WARN_RANGE_LOOP_ANALYSIS = YES;
				CLANG_WARN_STRICT_PROTOTYPES = YES;
				CLANG_WARN_SUSPICIOUS_MOVE = YES;
				CLANG_WARN_UNGUARDED_AVAILABILITY = YES_AGGRESSIVE;
				CLANG_WARN_UNREACHABLE_CODE = YES;
				CLANG_WARN__DUPLICATE_METHOD_MATCH = YES;
				COPY_PHASE_STRIP = NO;
				DEBUG_INFORMATION_FORMAT = "dwarf-with-dsym";
				ENABLE_NS_ASSERTIONS = NO;
				ENABLE_STRICT_OBJC_MSGSEND = YES;
				ENABLE_USER_SCRIPT_SANDBOXING = YES;
				GCC_C_LANGUAGE_STANDARD = gnu17;
				GCC_NO_COMMON_BLOCKS = YES;
				GCC_WARN_64_TO_32_BIT_CONVERSION = YES;
				GCC_WARN_ABOUT_RETURN_TYPE = YES_ERROR;
				GCC_WARN_UNDECLARED_SELECTOR = YES;
				GCC_WARN_UNINITIALIZED_AUTOS = YES_AGGRESSIVE;
				GCC_WARN_UNUSED_FUNCTION = YES;
				GCC_WARN_UNUSED_VARIABLE = YES;
				IPHONEOS_DEPLOYMENT_TARGET = 18.2;
				LOCALIZATION_PREFERS_STRING_CATALOGS = YES;
				MTL_ENABLE_DEBUG_INFO = NO;
				MTL_FAST_MATH = YES;
				SDKROOT = iphoneos;
				SWIFT_COMPILATION_MODE = wholemodule;
				VALIDATE_PRODUCT = YES;
			};
			name = Release;
		};
		47F2AB612D55D41200A58051 /* Debug */ = {
			isa = XCBuildConfiguration;
			buildSettings = {
				ASSETCATALOG_COMPILER_APPICON_NAME = AppIcon;
				ASSETCATALOG_COMPILER_GLOBAL_ACCENT_COLOR_NAME = AccentColor;
				CODE_SIGN_ENTITLEMENTS = Backend/Backend.entitlements;
				CODE_SIGN_STYLE = Automatic;
				CURRENT_PROJECT_VERSION = 1;
				DEVELOPMENT_ASSET_PATHS = "\"Backend/Preview Content\"";
				DEVELOPMENT_TEAM = 5WZXK6P7WY;
				ENABLE_PREVIEWS = YES;
				GENERATE_INFOPLIST_FILE = YES;
				INFOPLIST_KEY_UIApplicationSceneManifest_Generation = YES;
				INFOPLIST_KEY_UIApplicationSupportsIndirectInputEvents = YES;
				INFOPLIST_KEY_UILaunchScreen_Generation = YES;
				INFOPLIST_KEY_UISupportedInterfaceOrientations_iPad = "UIInterfaceOrientationPortrait UIInterfaceOrientationPortraitUpsideDown UIInterfaceOrientationLandscapeLeft UIInterfaceOrientationLandscapeRight";
				INFOPLIST_KEY_UISupportedInterfaceOrientations_iPhone = "UIInterfaceOrientationPortrait UIInterfaceOrientationLandscapeLeft UIInterfaceOrientationLandscapeRight";
				IPHONEOS_DEPLOYMENT_TARGET = 18.1.1;
				LD_RUNPATH_SEARCH_PATHS = (
					"$(inherited)",
					"@executable_path/Frameworks",
				);
				MARKETING_VERSION = 1.0;
				PRODUCT_BUNDLE_IDENTIFIER = "RARE-PA.Backend";
				PRODUCT_NAME = "$(TARGET_NAME)";
				SWIFT_EMIT_LOC_STRINGS = YES;
				SWIFT_VERSION = 5.0;
				TARGETED_DEVICE_FAMILY = "1,2";
			};
			name = Debug;
		};
		47F2AB622D55D41200A58051 /* Release */ = {
			isa = XCBuildConfiguration;
			buildSettings = {
				ASSETCATALOG_COMPILER_APPICON_NAME = AppIcon;
				ASSETCATALOG_COMPILER_GLOBAL_ACCENT_COLOR_NAME = AccentColor;
				CODE_SIGN_ENTITLEMENTS = Backend/Backend.entitlements;
				CODE_SIGN_STYLE = Automatic;
				CURRENT_PROJECT_VERSION = 1;
				DEVELOPMENT_ASSET_PATHS = "\"Backend/Preview Content\"";
				DEVELOPMENT_TEAM = 5WZXK6P7WY;
				ENABLE_PREVIEWS = YES;
				GENERATE_INFOPLIST_FILE = YES;
				INFOPLIST_KEY_UIApplicationSceneManifest_Generation = YES;
				INFOPLIST_KEY_UIApplicationSupportsIndirectInputEvents = YES;
				INFOPLIST_KEY_UILaunchScreen_Generation = YES;
				INFOPLIST_KEY_UISupportedInterfaceOrientations_iPad = "UIInterfaceOrientationPortrait UIInterfaceOrientationPortraitUpsideDown UIInterfaceOrientationLandscapeLeft UIInterfaceOrientationLandscapeRight";
				INFOPLIST_KEY_UISupportedInterfaceOrientations_iPhone = "UIInterfaceOrientationPortrait UIInterfaceOrientationLandscapeLeft UIInterfaceOrientationLandscapeRight";
				IPHONEOS_DEPLOYMENT_TARGET = 18.1.1;
				LD_RUNPATH_SEARCH_PATHS = (
					"$(inherited)",
					"@executable_path/Frameworks",
				);
				MARKETING_VERSION = 1.0;
				PRODUCT_BUNDLE_IDENTIFIER = "RARE-PA.Backend";
				PRODUCT_NAME = "$(TARGET_NAME)";
				SWIFT_EMIT_LOC_STRINGS = YES;
				SWIFT_VERSION = 5.0;
				TARGETED_DEVICE_FAMILY = "1,2";
			};
			name = Release;
		};
		47F2AB642D55D41200A58051 /* Debug */ = {
			isa = XCBuildConfiguration;
			buildSettings = {
				BUNDLE_LOADER = "$(TEST_HOST)";
				CODE_SIGN_STYLE = Automatic;
				CURRENT_PROJECT_VERSION = 1;
				DEVELOPMENT_TEAM = 5WZXK6P7WY;
				GENERATE_INFOPLIST_FILE = YES;
				IPHONEOS_DEPLOYMENT_TARGET = 18.2;
				MARKETING_VERSION = 1.0;
				PRODUCT_BUNDLE_IDENTIFIER = "RARE-PA.BackendTests";
				PRODUCT_NAME = "$(TARGET_NAME)";
				SWIFT_EMIT_LOC_STRINGS = NO;
				SWIFT_VERSION = 5.0;
				TARGETED_DEVICE_FAMILY = "1,2";
				TEST_HOST = "$(BUILT_PRODUCTS_DIR)/Backend.app/$(BUNDLE_EXECUTABLE_FOLDER_PATH)/Backend";
			};
			name = Debug;
		};
		47F2AB652D55D41200A58051 /* Release */ = {
			isa = XCBuildConfiguration;
			buildSettings = {
				BUNDLE_LOADER = "$(TEST_HOST)";
				CODE_SIGN_STYLE = Automatic;
				CURRENT_PROJECT_VERSION = 1;
				DEVELOPMENT_TEAM = 5WZXK6P7WY;
				GENERATE_INFOPLIST_FILE = YES;
				IPHONEOS_DEPLOYMENT_TARGET = 18.2;
				MARKETING_VERSION = 1.0;
				PRODUCT_BUNDLE_IDENTIFIER = "RARE-PA.BackendTests";
				PRODUCT_NAME = "$(TARGET_NAME)";
				SWIFT_EMIT_LOC_STRINGS = NO;
				SWIFT_VERSION = 5.0;
				TARGETED_DEVICE_FAMILY = "1,2";
				TEST_HOST = "$(BUILT_PRODUCTS_DIR)/Backend.app/$(BUNDLE_EXECUTABLE_FOLDER_PATH)/Backend";
			};
			name = Release;
		};
		47F2AB672D55D41200A58051 /* Debug */ = {
			isa = XCBuildConfiguration;
			buildSettings = {
				CODE_SIGN_STYLE = Automatic;
				CURRENT_PROJECT_VERSION = 1;
				DEVELOPMENT_TEAM = 5WZXK6P7WY;
				GENERATE_INFOPLIST_FILE = YES;
				MARKETING_VERSION = 1.0;
				PRODUCT_BUNDLE_IDENTIFIER = "RARE-PA.BackendUITests";
				PRODUCT_NAME = "$(TARGET_NAME)";
				SWIFT_EMIT_LOC_STRINGS = NO;
				SWIFT_VERSION = 5.0;
				TARGETED_DEVICE_FAMILY = "1,2";
				TEST_TARGET_NAME = Backend;
			};
			name = Debug;
		};
		47F2AB682D55D41200A58051 /* Release */ = {
			isa = XCBuildConfiguration;
			buildSettings = {
				CODE_SIGN_STYLE = Automatic;
				CURRENT_PROJECT_VERSION = 1;
				DEVELOPMENT_TEAM = 5WZXK6P7WY;
				GENERATE_INFOPLIST_FILE = YES;
				MARKETING_VERSION = 1.0;
				PRODUCT_BUNDLE_IDENTIFIER = "RARE-PA.BackendUITests";
				PRODUCT_NAME = "$(TARGET_NAME)";
				SWIFT_EMIT_LOC_STRINGS = NO;
				SWIFT_VERSION = 5.0;
				TARGETED_DEVICE_FAMILY = "1,2";
				TEST_TARGET_NAME = Backend;
			};
			name = Release;
		};
		47F2AC402D55D60B00A58051 /* Debug */ = {
			isa = XCBuildConfiguration;
			buildSettings = {
				ASSETCATALOG_COMPILER_APPICON_NAME = AppIcon;
				ASSETCATALOG_COMPILER_GLOBAL_ACCENT_COLOR_NAME = AccentColor;
				CODE_SIGN_ENTITLEMENTS = "Backend-Watch Watch App/Backend-Watch Watch App.entitlements";
				CODE_SIGN_STYLE = Automatic;
				CURRENT_PROJECT_VERSION = 1;
				DEVELOPMENT_ASSET_PATHS = "\"Backend-Watch Watch App/Preview Content\"";
				DEVELOPMENT_TEAM = 5WZXK6P7WY;
				ENABLE_PREVIEWS = YES;
				GENERATE_INFOPLIST_FILE = YES;
				INFOPLIST_FILE = "Backend-Watch-Watch-App-Info.plist";
				INFOPLIST_KEY_CFBundleDisplayName = "Backend-Watch";
				INFOPLIST_KEY_NSHealthShareUsageDescription = "We need to access your heart rate for the assessment.";
				INFOPLIST_KEY_NSHealthUpdateUsageDescription = "We need to monitor your heart rate for the assessment.";
				INFOPLIST_KEY_UISupportedInterfaceOrientations = "UIInterfaceOrientationPortrait UIInterfaceOrientationPortraitUpsideDown";
				INFOPLIST_KEY_WKCompanionAppBundleIdentifier = "RARE-PA.Backend";
				INFOPLIST_KEY_WKRunsIndependentlyOfCompanionApp = YES;
				LD_RUNPATH_SEARCH_PATHS = (
					"$(inherited)",
					"@executable_path/Frameworks",
				);
				MARKETING_VERSION = 1.0;
				PRODUCT_BUNDLE_IDENTIFIER = "RARE-PA.Backend.watchkitapp";
				PRODUCT_NAME = "$(TARGET_NAME)";
				SDKROOT = watchos;
				SKIP_INSTALL = NO;
				SWIFT_EMIT_LOC_STRINGS = YES;
				SWIFT_VERSION = 5.0;
				TARGETED_DEVICE_FAMILY = 4;
				WATCHOS_DEPLOYMENT_TARGET = 11.2;
			};
			name = Debug;
		};
		47F2AC412D55D60B00A58051 /* Release */ = {
			isa = XCBuildConfiguration;
			buildSettings = {
				ASSETCATALOG_COMPILER_APPICON_NAME = AppIcon;
				ASSETCATALOG_COMPILER_GLOBAL_ACCENT_COLOR_NAME = AccentColor;
				CODE_SIGN_ENTITLEMENTS = "Backend-Watch Watch App/Backend-Watch Watch App.entitlements";
				CODE_SIGN_STYLE = Automatic;
				CURRENT_PROJECT_VERSION = 1;
				DEVELOPMENT_ASSET_PATHS = "\"Backend-Watch Watch App/Preview Content\"";
				DEVELOPMENT_TEAM = 5WZXK6P7WY;
				ENABLE_PREVIEWS = YES;
				GENERATE_INFOPLIST_FILE = YES;
				INFOPLIST_FILE = "Backend-Watch-Watch-App-Info.plist";
				INFOPLIST_KEY_CFBundleDisplayName = "Backend-Watch";
				INFOPLIST_KEY_NSHealthShareUsageDescription = "We need to access your heart rate for the assessment.";
				INFOPLIST_KEY_NSHealthUpdateUsageDescription = "We need to monitor your heart rate for the assessment.";
				INFOPLIST_KEY_UISupportedInterfaceOrientations = "UIInterfaceOrientationPortrait UIInterfaceOrientationPortraitUpsideDown";
				INFOPLIST_KEY_WKCompanionAppBundleIdentifier = "RARE-PA.Backend";
				INFOPLIST_KEY_WKRunsIndependentlyOfCompanionApp = YES;
				LD_RUNPATH_SEARCH_PATHS = (
					"$(inherited)",
					"@executable_path/Frameworks",
				);
				MARKETING_VERSION = 1.0;
				PRODUCT_BUNDLE_IDENTIFIER = "RARE-PA.Backend.watchkitapp";
				PRODUCT_NAME = "$(TARGET_NAME)";
				SDKROOT = watchos;
				SKIP_INSTALL = NO;
				SWIFT_EMIT_LOC_STRINGS = YES;
				SWIFT_VERSION = 5.0;
				TARGETED_DEVICE_FAMILY = 4;
				WATCHOS_DEPLOYMENT_TARGET = 11.2;
			};
			name = Release;
		};
		47F2AC422D55D60B00A58051 /* Debug */ = {
			isa = XCBuildConfiguration;
			buildSettings = {
				BUNDLE_LOADER = "$(TEST_HOST)";
				CODE_SIGN_STYLE = Automatic;
				CURRENT_PROJECT_VERSION = 1;
				DEVELOPMENT_TEAM = 5WZXK6P7WY;
				GENERATE_INFOPLIST_FILE = YES;
				MARKETING_VERSION = 1.0;
				PRODUCT_BUNDLE_IDENTIFIER = "RARE-PA.Backend-Watch-Watch-AppTests";
				PRODUCT_NAME = "$(TARGET_NAME)";
				SDKROOT = watchos;
				SWIFT_EMIT_LOC_STRINGS = NO;
				SWIFT_VERSION = 5.0;
				TARGETED_DEVICE_FAMILY = 4;
				TEST_HOST = "$(BUILT_PRODUCTS_DIR)/Backend-Watch Watch App.app/$(BUNDLE_EXECUTABLE_FOLDER_PATH)/Backend-Watch Watch App";
				WATCHOS_DEPLOYMENT_TARGET = 11.2;
			};
			name = Debug;
		};
		47F2AC432D55D60B00A58051 /* Release */ = {
			isa = XCBuildConfiguration;
			buildSettings = {
				BUNDLE_LOADER = "$(TEST_HOST)";
				CODE_SIGN_STYLE = Automatic;
				CURRENT_PROJECT_VERSION = 1;
				DEVELOPMENT_TEAM = 5WZXK6P7WY;
				GENERATE_INFOPLIST_FILE = YES;
				MARKETING_VERSION = 1.0;
				PRODUCT_BUNDLE_IDENTIFIER = "RARE-PA.Backend-Watch-Watch-AppTests";
				PRODUCT_NAME = "$(TARGET_NAME)";
				SDKROOT = watchos;
				SWIFT_EMIT_LOC_STRINGS = NO;
				SWIFT_VERSION = 5.0;
				TARGETED_DEVICE_FAMILY = 4;
				TEST_HOST = "$(BUILT_PRODUCTS_DIR)/Backend-Watch Watch App.app/$(BUNDLE_EXECUTABLE_FOLDER_PATH)/Backend-Watch Watch App";
				WATCHOS_DEPLOYMENT_TARGET = 11.2;
			};
			name = Release;
		};
		47F2AC442D55D60B00A58051 /* Debug */ = {
			isa = XCBuildConfiguration;
			buildSettings = {
				CODE_SIGN_STYLE = Automatic;
				CURRENT_PROJECT_VERSION = 1;
				DEVELOPMENT_TEAM = 5WZXK6P7WY;
				GENERATE_INFOPLIST_FILE = YES;
				MARKETING_VERSION = 1.0;
				PRODUCT_BUNDLE_IDENTIFIER = "RARE-PA.Backend-Watch-Watch-AppUITests";
				PRODUCT_NAME = "$(TARGET_NAME)";
				SDKROOT = watchos;
				SWIFT_EMIT_LOC_STRINGS = NO;
				SWIFT_VERSION = 5.0;
				TARGETED_DEVICE_FAMILY = 4;
				TEST_TARGET_NAME = "Backend-Watch Watch App";
				WATCHOS_DEPLOYMENT_TARGET = 11.2;
			};
			name = Debug;
		};
		47F2AC452D55D60B00A58051 /* Release */ = {
			isa = XCBuildConfiguration;
			buildSettings = {
				CODE_SIGN_STYLE = Automatic;
				CURRENT_PROJECT_VERSION = 1;
				DEVELOPMENT_TEAM = 5WZXK6P7WY;
				GENERATE_INFOPLIST_FILE = YES;
				MARKETING_VERSION = 1.0;
				PRODUCT_BUNDLE_IDENTIFIER = "RARE-PA.Backend-Watch-Watch-AppUITests";
				PRODUCT_NAME = "$(TARGET_NAME)";
				SDKROOT = watchos;
				SWIFT_EMIT_LOC_STRINGS = NO;
				SWIFT_VERSION = 5.0;
				TARGETED_DEVICE_FAMILY = 4;
				TEST_TARGET_NAME = "Backend-Watch Watch App";
				WATCHOS_DEPLOYMENT_TARGET = 11.2;
			};
			name = Release;
		};
		47F2B02E2D56DF9A00A58051 /* Debug */ = {
			isa = XCBuildConfiguration;
			buildSettings = {
				ALLOW_TARGET_PLATFORM_SPECIALIZATION = YES;
				BUILD_LIBRARY_FOR_DISTRIBUTION = YES;
				CODE_SIGN_STYLE = Automatic;
				CURRENT_PROJECT_VERSION = 1;
				DEFINES_MODULE = YES;
				DEVELOPMENT_TEAM = 5WZXK6P7WY;
				DYLIB_COMPATIBILITY_VERSION = 1;
				DYLIB_CURRENT_VERSION = 1;
				DYLIB_INSTALL_NAME_BASE = "@rpath";
				ENABLE_MODULE_VERIFIER = YES;
				GENERATE_INFOPLIST_FILE = YES;
				INFOPLIST_KEY_NSHumanReadableCopyright = "";
				INSTALL_PATH = "$(LOCAL_LIBRARY_DIR)/Frameworks";
				IPHONEOS_DEPLOYMENT_TARGET = 18.2;
				LD_RUNPATH_SEARCH_PATHS = (
					"@executable_path/Frameworks",
					"@loader_path/Frameworks",
				);
				"LD_RUNPATH_SEARCH_PATHS[sdk=macosx*]" = (
					"@executable_path/../Frameworks",
					"@loader_path/Frameworks",
				);
				MACOSX_DEPLOYMENT_TARGET = 15.0;
				MARKETING_VERSION = 1.0;
				MODULE_VERIFIER_SUPPORTED_LANGUAGES = "objective-c objective-c++";
				MODULE_VERIFIER_SUPPORTED_LANGUAGE_STANDARDS = "gnu17 gnu++20";
				PRODUCT_BUNDLE_IDENTIFIER = "RARE-PA.Backend-Watch";
				PRODUCT_NAME = "$(TARGET_NAME:c99extidentifier)";
				SDKROOT = auto;
				SKIP_INSTALL = YES;
				SUPPORTED_PLATFORMS = "iphoneos iphonesimulator macosx xros xrsimulator";
				SWIFT_EMIT_LOC_STRINGS = YES;
				SWIFT_INSTALL_OBJC_HEADER = NO;
				SWIFT_VERSION = 5.0;
				TARGETED_DEVICE_FAMILY = "1,2,7";
				VERSIONING_SYSTEM = "apple-generic";
				VERSION_INFO_PREFIX = "";
				XROS_DEPLOYMENT_TARGET = 2.2;
			};
			name = Debug;
		};
		47F2B02F2D56DF9A00A58051 /* Release */ = {
			isa = XCBuildConfiguration;
			buildSettings = {
				ALLOW_TARGET_PLATFORM_SPECIALIZATION = YES;
				BUILD_LIBRARY_FOR_DISTRIBUTION = YES;
				CODE_SIGN_STYLE = Automatic;
				CURRENT_PROJECT_VERSION = 1;
				DEFINES_MODULE = YES;
				DEVELOPMENT_TEAM = 5WZXK6P7WY;
				DYLIB_COMPATIBILITY_VERSION = 1;
				DYLIB_CURRENT_VERSION = 1;
				DYLIB_INSTALL_NAME_BASE = "@rpath";
				ENABLE_MODULE_VERIFIER = YES;
				GENERATE_INFOPLIST_FILE = YES;
				INFOPLIST_KEY_NSHumanReadableCopyright = "";
				INSTALL_PATH = "$(LOCAL_LIBRARY_DIR)/Frameworks";
				IPHONEOS_DEPLOYMENT_TARGET = 18.2;
				LD_RUNPATH_SEARCH_PATHS = (
					"@executable_path/Frameworks",
					"@loader_path/Frameworks",
				);
				"LD_RUNPATH_SEARCH_PATHS[sdk=macosx*]" = (
					"@executable_path/../Frameworks",
					"@loader_path/Frameworks",
				);
				MACOSX_DEPLOYMENT_TARGET = 15.0;
				MARKETING_VERSION = 1.0;
				MODULE_VERIFIER_SUPPORTED_LANGUAGES = "objective-c objective-c++";
				MODULE_VERIFIER_SUPPORTED_LANGUAGE_STANDARDS = "gnu17 gnu++20";
				PRODUCT_BUNDLE_IDENTIFIER = "RARE-PA.Backend-Watch";
				PRODUCT_NAME = "$(TARGET_NAME:c99extidentifier)";
				SDKROOT = auto;
				SKIP_INSTALL = YES;
				SUPPORTED_PLATFORMS = "iphoneos iphonesimulator macosx xros xrsimulator";
				SWIFT_EMIT_LOC_STRINGS = YES;
				SWIFT_INSTALL_OBJC_HEADER = NO;
				SWIFT_VERSION = 5.0;
				TARGETED_DEVICE_FAMILY = "1,2,7";
				VERSIONING_SYSTEM = "apple-generic";
				VERSION_INFO_PREFIX = "";
				XROS_DEPLOYMENT_TARGET = 2.2;
			};
			name = Release;
		};
		47F2B0312D56DF9A00A58051 /* Debug */ = {
			isa = XCBuildConfiguration;
			buildSettings = {
				ALLOW_TARGET_PLATFORM_SPECIALIZATION = YES;
				CODE_SIGN_STYLE = Automatic;
				CURRENT_PROJECT_VERSION = 1;
				DEVELOPMENT_TEAM = 5WZXK6P7WY;
				GENERATE_INFOPLIST_FILE = YES;
				IPHONEOS_DEPLOYMENT_TARGET = 18.2;
				MACOSX_DEPLOYMENT_TARGET = 15.0;
				MARKETING_VERSION = 1.0;
				PRODUCT_BUNDLE_IDENTIFIER = "RARE-PA.Backend-WatchTests";
				PRODUCT_NAME = "$(TARGET_NAME)";
				SDKROOT = auto;
				SUPPORTED_PLATFORMS = "iphoneos iphonesimulator macosx xros xrsimulator";
				SWIFT_EMIT_LOC_STRINGS = NO;
				SWIFT_VERSION = 5.0;
				TARGETED_DEVICE_FAMILY = "1,2,7";
				TEST_HOST = "$(BUILT_PRODUCTS_DIR)/Backend.app/$(BUNDLE_EXECUTABLE_FOLDER_PATH)/Backend";
				XROS_DEPLOYMENT_TARGET = 2.2;
			};
			name = Debug;
		};
		47F2B0322D56DF9A00A58051 /* Release */ = {
			isa = XCBuildConfiguration;
			buildSettings = {
				ALLOW_TARGET_PLATFORM_SPECIALIZATION = YES;
				CODE_SIGN_STYLE = Automatic;
				CURRENT_PROJECT_VERSION = 1;
				DEVELOPMENT_TEAM = 5WZXK6P7WY;
				GENERATE_INFOPLIST_FILE = YES;
				IPHONEOS_DEPLOYMENT_TARGET = 18.2;
				MACOSX_DEPLOYMENT_TARGET = 15.0;
				MARKETING_VERSION = 1.0;
				PRODUCT_BUNDLE_IDENTIFIER = "RARE-PA.Backend-WatchTests";
				PRODUCT_NAME = "$(TARGET_NAME)";
				SDKROOT = auto;
				SUPPORTED_PLATFORMS = "iphoneos iphonesimulator macosx xros xrsimulator";
				SWIFT_EMIT_LOC_STRINGS = NO;
				SWIFT_VERSION = 5.0;
				TARGETED_DEVICE_FAMILY = "1,2,7";
				TEST_HOST = "$(BUILT_PRODUCTS_DIR)/Backend.app/$(BUNDLE_EXECUTABLE_FOLDER_PATH)/Backend";
				XROS_DEPLOYMENT_TARGET = 2.2;
			};
			name = Release;
		};
/* End XCBuildConfiguration section */

/* Begin XCConfigurationList section */
		47F2AB372D55D41100A58051 /* Build configuration list for PBXProject "Backend" */ = {
			isa = XCConfigurationList;
			buildConfigurations = (
				47F2AB5E2D55D41200A58051 /* Debug */,
				47F2AB5F2D55D41200A58051 /* Release */,
			);
			defaultConfigurationIsVisible = 0;
			defaultConfigurationName = Release;
		};
		47F2AB602D55D41200A58051 /* Build configuration list for PBXNativeTarget "Backend" */ = {
			isa = XCConfigurationList;
			buildConfigurations = (
				47F2AB612D55D41200A58051 /* Debug */,
				47F2AB622D55D41200A58051 /* Release */,
			);
			defaultConfigurationIsVisible = 0;
			defaultConfigurationName = Release;
		};
		47F2AB632D55D41200A58051 /* Build configuration list for PBXNativeTarget "BackendTests" */ = {
			isa = XCConfigurationList;
			buildConfigurations = (
				47F2AB642D55D41200A58051 /* Debug */,
				47F2AB652D55D41200A58051 /* Release */,
			);
			defaultConfigurationIsVisible = 0;
			defaultConfigurationName = Release;
		};
		47F2AB662D55D41200A58051 /* Build configuration list for PBXNativeTarget "BackendUITests" */ = {
			isa = XCConfigurationList;
			buildConfigurations = (
				47F2AB672D55D41200A58051 /* Debug */,
				47F2AB682D55D41200A58051 /* Release */,
			);
			defaultConfigurationIsVisible = 0;
			defaultConfigurationName = Release;
		};
		47F2AC462D55D60B00A58051 /* Build configuration list for PBXNativeTarget "Backend-Watch Watch App" */ = {
			isa = XCConfigurationList;
			buildConfigurations = (
				47F2AC402D55D60B00A58051 /* Debug */,
				47F2AC412D55D60B00A58051 /* Release */,
			);
			defaultConfigurationIsVisible = 0;
			defaultConfigurationName = Release;
		};
		47F2AC472D55D60B00A58051 /* Build configuration list for PBXNativeTarget "Backend-Watch Watch AppTests" */ = {
			isa = XCConfigurationList;
			buildConfigurations = (
				47F2AC422D55D60B00A58051 /* Debug */,
				47F2AC432D55D60B00A58051 /* Release */,
			);
			defaultConfigurationIsVisible = 0;
			defaultConfigurationName = Release;
		};
		47F2AC482D55D60B00A58051 /* Build configuration list for PBXNativeTarget "Backend-Watch Watch AppUITests" */ = {
			isa = XCConfigurationList;
			buildConfigurations = (
				47F2AC442D55D60B00A58051 /* Debug */,
				47F2AC452D55D60B00A58051 /* Release */,
			);
			defaultConfigurationIsVisible = 0;
			defaultConfigurationName = Release;
		};
		47F2B02D2D56DF9A00A58051 /* Build configuration list for PBXNativeTarget "Backend-Watch" */ = {
			isa = XCConfigurationList;
			buildConfigurations = (
				47F2B02E2D56DF9A00A58051 /* Debug */,
				47F2B02F2D56DF9A00A58051 /* Release */,
			);
			defaultConfigurationIsVisible = 0;
			defaultConfigurationName = Release;
		};
		47F2B0302D56DF9A00A58051 /* Build configuration list for PBXNativeTarget "Backend-WatchTests" */ = {
			isa = XCConfigurationList;
			buildConfigurations = (
				47F2B0312D56DF9A00A58051 /* Debug */,
				47F2B0322D56DF9A00A58051 /* Release */,
			);
			defaultConfigurationIsVisible = 0;
			defaultConfigurationName = Release;
		};
/* End XCConfigurationList section */

/* Begin XCRemoteSwiftPackageReference section */
		47F2ACE02D55D94C00A58051 /* XCRemoteSwiftPackageReference "firebase-ios-sdk" */ = {
			isa = XCRemoteSwiftPackageReference;
			repositoryURL = "https://github.com/firebase/firebase-ios-sdk";
			requirement = {
				kind = upToNextMajorVersion;
				minimumVersion = 11.8.1;
			};
		};
/* End XCRemoteSwiftPackageReference section */

/* Begin XCSwiftPackageProductDependency section */
		47F2ACE12D55D94C00A58051 /* FirebaseAnalytics */ = {
			isa = XCSwiftPackageProductDependency;
			package = 47F2ACE02D55D94C00A58051 /* XCRemoteSwiftPackageReference "firebase-ios-sdk" */;
			productName = FirebaseAnalytics;
		};
		47F2ACE32D55D94C00A58051 /* FirebaseCore */ = {
			isa = XCSwiftPackageProductDependency;
			package = 47F2ACE02D55D94C00A58051 /* XCRemoteSwiftPackageReference "firebase-ios-sdk" */;
			productName = FirebaseCore;
		};
		47F2ACE52D55D94C00A58051 /* FirebaseDatabase */ = {
			isa = XCSwiftPackageProductDependency;
			package = 47F2ACE02D55D94C00A58051 /* XCRemoteSwiftPackageReference "firebase-ios-sdk" */;
			productName = FirebaseDatabase;
		};
/* End XCSwiftPackageProductDependency section */
	};
	rootObject = 47F2AB342D55D41100A58051 /* Project object */;
}
